
Microsoft Visual Studio Solution File, Format Version 12.00
# Visual Studio 15
VisualStudioVersion = 15.0.28307.960
MinimumVisualStudioVersion = 10.0.40219.1
Project("{FAE04EC0-301F-11D3-BF4B-00C04F79EFBC}") = "WebSolution", "WebSolution\WebSolution.csproj", "{111FF150-7591-4F7D-97A0-AC1E9FD7C2F7}"
EndProject
Global
	GlobalSection(SolutionConfigurationPlatforms) = preSolution
		Debug|Any CPU = Debug|Any CPU
		Release|Any CPU = Release|Any CPU
	EndGlobalSection
	GlobalSection(ProjectConfigurationPlatforms) = postSolution
		{111FF150-7591-4F7D-97A0-AC1E9FD7C2F7}.Debug|Any CPU.ActiveCfg = Debug|Any CPU
		{111FF150-7591-4F7D-97A0-AC1E9FD7C2F7}.Debug|Any CPU.Build.0 = Debug|Any CPU
		{111FF150-7591-4F7D-97A0-AC1E9FD7C2F7}.Release|Any CPU.ActiveCfg = Release|Any CPU
		{111FF150-7591-4F7D-97A0-AC1E9FD7C2F7}.Release|Any CPU.Build.0 = Release|Any CPU
	EndGlobalSection
	GlobalSection(SolutionProperties) = preSolution
		HideSolutionNode = FALSE
	EndGlobalSection
	GlobalSection(ExtensibilityGlobals) = postSolution
		SolutionGuid = {EC7758C7-48A1-41CD-BC5B-967B7DE6A27C}
	EndGlobalSection
EndGlobal
